
Microsoft Visual Studio Solution File, Format Version 12.00
# Visual Studio 14
VisualStudioVersion = 14.0.25123.0
MinimumVisualStudioVersion = 10.0.40219.1
Project("{8BC9CEB8-8B4A-11D0-8D11-00A0C91BC942}") = "1-Encapsulation", "1-Encapsulation\1-Encapsulation.vcxproj", "{76580656-6022-4E89-B2E3-487810229D11}"
EndProject
Project("{8BC9CEB8-8B4A-11D0-8D11-00A0C91BC942}") = "02-UpdateDraw", "02-UpdateDraw\02-UpdateDraw.vcxproj", "{E5A1B3AB-A6A2-4782-B1E9-63C46FF9B486}"
EndProject
Project("{8BC9CEB8-8B4A-11D0-8D11-00A0C91BC942}") = "03-Inheritance", "03-Inheritance\03-Inheritance.vcxproj", "{0CDEC783-F3AE-41CE-870C-97391BEA29D6}"
EndProject
Project("{8BC9CEB8-8B4A-11D0-8D11-00A0C91BC942}") = "04-RuleOfThree", "04-RuleOfThree\04-RuleOfThree.vcxproj", "{412063DE-5AC1-4F38-B77C-D992952DDF5D}"
EndProject
Project("{8BC9CEB8-8B4A-11D0-8D11-00A0C91BC942}") = "OPPAssessment", "OPPAssessment\OPPAssessment.vcxproj", "{2E657AA6-29D5-4431-8417-AFDF92B17A07}"
EndProject
Global
	GlobalSection(SolutionConfigurationPlatforms) = preSolution
		Debug|x64 = Debug|x64
		Debug|x86 = Debug|x86
		Release|x64 = Release|x64
		Release|x86 = Release|x86
	EndGlobalSection
	GlobalSection(ProjectConfigurationPlatforms) = postSolution
		{76580656-6022-4E89-B2E3-487810229D11}.Debug|x64.ActiveCfg = Debug|x64
		{76580656-6022-4E89-B2E3-487810229D11}.Debug|x64.Build.0 = Debug|x64
		{76580656-6022-4E89-B2E3-487810229D11}.Debug|x86.ActiveCfg = Debug|Win32
		{76580656-6022-4E89-B2E3-487810229D11}.Debug|x86.Build.0 = Debug|Win32
		{76580656-6022-4E89-B2E3-487810229D11}.Release|x64.ActiveCfg = Release|x64
		{76580656-6022-4E89-B2E3-487810229D11}.Release|x64.Build.0 = Release|x64
		{76580656-6022-4E89-B2E3-487810229D11}.Release|x86.ActiveCfg = Release|Win32
		{76580656-6022-4E89-B2E3-487810229D11}.Release|x86.Build.0 = Release|Win32
		{E5A1B3AB-A6A2-4782-B1E9-63C46FF9B486}.Debug|x64.ActiveCfg = Debug|x64
		{E5A1B3AB-A6A2-4782-B1E9-63C46FF9B486}.Debug|x64.Build.0 = Debug|x64
		{E5A1B3AB-A6A2-4782-B1E9-63C46FF9B486}.Debug|x86.ActiveCfg = Debug|Win32
		{E5A1B3AB-A6A2-4782-B1E9-63C46FF9B486}.Debug|x86.Build.0 = Debug|Win32
		{E5A1B3AB-A6A2-4782-B1E9-63C46FF9B486}.Release|x64.ActiveCfg = Release|x64
		{E5A1B3AB-A6A2-4782-B1E9-63C46FF9B486}.Release|x64.Build.0 = Release|x64
		{E5A1B3AB-A6A2-4782-B1E9-63C46FF9B486}.Release|x86.ActiveCfg = Release|Win32
		{E5A1B3AB-A6A2-4782-B1E9-63C46FF9B486}.Release|x86.Build.0 = Release|Win32
		{0CDEC783-F3AE-41CE-870C-97391BEA29D6}.Debug|x64.ActiveCfg = Debug|x64
		{0CDEC783-F3AE-41CE-870C-97391BEA29D6}.Debug|x64.Build.0 = Debug|x64
		{0CDEC783-F3AE-41CE-870C-97391BEA29D6}.Debug|x86.ActiveCfg = Debug|Win32
		{0CDEC783-F3AE-41CE-870C-97391BEA29D6}.Debug|x86.Build.0 = Debug|Win32
		{0CDEC783-F3AE-41CE-870C-97391BEA29D6}.Release|x64.ActiveCfg = Release|x64
		{0CDEC783-F3AE-41CE-870C-97391BEA29D6}.Release|x64.Build.0 = Release|x64
		{0CDEC783-F3AE-41CE-870C-97391BEA29D6}.Release|x86.ActiveCfg = Release|Win32
		{0CDEC783-F3AE-41CE-870C-97391BEA29D6}.Release|x86.Build.0 = Release|Win32
		{412063DE-5AC1-4F38-B77C-D992952DDF5D}.Debug|x64.ActiveCfg = Debug|x64
		{412063DE-5AC1-4F38-B77C-D992952DDF5D}.Debug|x64.Build.0 = Debug|x64
		{412063DE-5AC1-4F38-B77C-D992952DDF5D}.Debug|x86.ActiveCfg = Debug|Win32
		{412063DE-5AC1-4F38-B77C-D992952DDF5D}.Debug|x86.Build.0 = Debug|Win32
		{412063DE-5AC1-4F38-B77C-D992952DDF5D}.Release|x64.ActiveCfg = Release|x64
		{412063DE-5AC1-4F38-B77C-D992952DDF5D}.Release|x64.Build.0 = Release|x64
		{412063DE-5AC1-4F38-B77C-D992952DDF5D}.Release|x86.ActiveCfg = Release|Win32
		{412063DE-5AC1-4F38-B77C-D992952DDF5D}.Release|x86.Build.0 = Release|Win32
		{2E657AA6-29D5-4431-8417-AFDF92B17A07}.Debug|x64.ActiveCfg = Debug|x64
		{2E657AA6-29D5-4431-8417-AFDF92B17A07}.Debug|x64.Build.0 = Debug|x64
		{2E657AA6-29D5-4431-8417-AFDF92B17A07}.Debug|x86.ActiveCfg = Debug|Win32
		{2E657AA6-29D5-4431-8417-AFDF92B17A07}.Debug|x86.Build.0 = Debug|Win32
		{2E657AA6-29D5-4431-8417-AFDF92B17A07}.Release|x64.ActiveCfg = Release|x64
		{2E657AA6-29D5-4431-8417-AFDF92B17A07}.Release|x64.Build.0 = Release|x64
		{2E657AA6-29D5-4431-8417-AFDF92B17A07}.Release|x86.ActiveCfg = Release|Win32
		{2E657AA6-29D5-4431-8417-AFDF92B17A07}.Release|x86.Build.0 = Release|Win32
	EndGlobalSection
	GlobalSection(SolutionProperties) = preSolution
		HideSolutionNode = FALSE
	EndGlobalSection
EndGlobal
